# This file is autogenerated, do not edit; changes may be undone by the next 'dep ensure'.


[[projects]]
  digest = "1:5bb36304653e73c2ced864d49c9f344e7141a7ceef852442edcea212094ebc3c"
  name = "github.com/beorn7/perks"
  packages = ["quantile"]
  pruneopts = "UT"
  revision = "4c0e84591b9aa9e6dcfdf3e020114cd81f89d5f9"

[[projects]]
  digest = "1:c28625428387b63dd7154eb857f51e700465cfbf7c06f619e71f2da33cefe47e"
  name = "github.com/boltdb/bolt"
  packages = ["."]
  pruneopts = "UT"
  revision = "583e8937c61f1af6513608ccc75c97b6abdf4ff9"
  version = "v1.3.0"

[[projects]]
  digest = "1:8fc5e6641ac62af75675b92407b11584af050873badb43253fff6ad285e76faa"
  name = "github.com/cockroachdb/cmux"
  packages = ["."]
  pruneopts = "UT"
  revision = "112f0506e7743d64a6eb8fedbcff13d9979bbf92"

[[projects]]
  digest = "1:67690b4690a4af3ebe3c87467c87c4a2c2c39dce66540157dcfe8d50127e8ec3"
  name = "github.com/coreos/etcd"
  packages = [
    "alarm",
    "auth",
    "auth/authpb",
    "client",
    "clientv3",
    "clientv3/concurrency",
    "compactor",
    "discovery",
    "embed",
    "error",
    "etcdserver",
    "etcdserver/api",
    "etcdserver/api/v2http",
    "etcdserver/api/v2http/httptypes",
    "etcdserver/api/v3client",
    "etcdserver/api/v3election",
    "etcdserver/api/v3election/v3electionpb",
    "etcdserver/api/v3election/v3electionpb/gw",
    "etcdserver/api/v3lock",
    "etcdserver/api/v3lock/v3lockpb",
    "etcdserver/api/v3lock/v3lockpb/gw",
    "etcdserver/api/v3rpc",
    "etcdserver/api/v3rpc/rpctypes",
    "etcdserver/auth",
    "etcdserver/etcdserverpb",
    "etcdserver/etcdserverpb/gw",
    "etcdserver/membership",
    "etcdserver/stats",
    "lease",
    "lease/leasehttp",
    "lease/leasepb",
    "mvcc",
    "mvcc/backend",
    "mvcc/mvccpb",
    "pkg/adt",
    "pkg/contention",
    "pkg/cors",
    "pkg/cpuutil",
    "pkg/crc",
    "pkg/debugutil",
    "pkg/expect",
    "pkg/fileutil",
    "pkg/httputil",
    "pkg/idutil",
    "pkg/ioutil",
    "pkg/logutil",
    "pkg/monotime",
    "pkg/netutil",
    "pkg/pathutil",
    "pkg/pbutil",
    "pkg/runtime",
    "pkg/schedule",
    "pkg/srv",
    "pkg/tlsutil",
    "pkg/transport",
    "pkg/types",
    "pkg/wait",
    "proxy/grpcproxy/adapter",
    "raft",
    "raft/raftpb",
    "rafthttp",
    "snap",
    "snap/snappb",
    "store",
    "version",
    "wal",
    "wal/walpb",
  ]
  pruneopts = "UT"
  revision = "cb2a496c4ddd1c87a9f280e116649b599999ec79"
  version = "v3.2.2"

[[projects]]
  digest = "1:0ef770954bca104ee99b3b6b7f9b240605ac03517d9f98cbc1893daa03f3c038"
  name = "github.com/coreos/go-semver"
  packages = ["semver"]
  pruneopts = "UT"
  revision = "8ab6407b697782a06568d4b7f1db25550ec2e4c6"
  version = "v0.2.0"

[[projects]]
  digest = "1:ff8008b5da89669782237923854333264b28c6fea572feaf13ae00446569d19d"
  name = "github.com/coreos/go-systemd"
  packages = [
    "activation",
    "journal",
  ]
  pruneopts = "UT"
  revision = "d6c05a1dcbb5ac02b7653da4d99e5db340c20778"
  version = "v11"

[[projects]]
  digest = "1:d7a9399d485073895541c93b33489851bb05ab942fbb85baf703bb49de7c6f70"
  name = "github.com/coreos/pkg"
  packages = ["capnslog"]
  pruneopts = "UT"
  revision = "3ac0863d7acf3bc44daf49afef8919af12f704ef"
  version = "v3"

[[projects]]
  digest = "1:d912bf9afc98bbb6539ea99c9ac3e83119853310dd1a3aec1583d76f340ece27"
  name = "github.com/dgrijalva/jwt-go"
  packages = ["."]
  pruneopts = "UT"
  revision = "d2709f9f1f31ebcda9651b03077758c1f3a0018c"
  version = "v3.0.0"

[[projects]]
  digest = "1:38c783cf85b9454cc02a1a8319239800ed0af6c1c864adf19cea0539e134adad"
  name = "github.com/fsnotify/fsnotify"
  packages = ["."]
  pruneopts = "UT"
  revision = "4da3e2cfbabc9f751898f250b49f2439785783a1"

[[projects]]
  digest = "1:2cd7915ab26ede7d95b8749e6b1f933f1c6d5398030684e6505940a10f31cfda"
  name = "github.com/ghodss/yaml"
  packages = ["."]
  pruneopts = "UT"
  revision = "0ca9ea5df5451ffdf184b4428c902747c2c11cd7"
  version = "v1.0.0"

[[projects]]
  digest = "1:0b63103330247a895b69efdae32fadd1cb5c82e0330c645fff108dd049d94d7d"
  name = "github.com/gogo/protobuf"
  packages = ["proto"]
  pruneopts = "UT"
  revision = "909568be09de550ed094403c2bf8a261b5bb730a"
  version = "v0.3"

[[projects]]
  digest = "1:e034ce37153cf30a1c7ae192fde78710d3433a143c1c11b31b0fb2c69d1024ff"
  name = "github.com/golang/protobuf"
  packages = [
    "jsonpb",
    "proto",
  ]
  pruneopts = "UT"
  revision = "4bd1920723d7b7c925de087aa32e2187708897f7"

[[projects]]
  digest = "1:6a35e12c3f4c9446739ac94679b33a8953f352fe0aaeeb170905c976c1c4b01c"
  name = "github.com/google/btree"
  packages = ["."]
  pruneopts = "UT"
  revision = "925471ac9e2131377a91e1595defec898166fe49"

[[projects]]
  digest = "1:c79fb010be38a59d657c48c6ba1d003a8aa651fa56b579d959d74573b7dff8e1"
  name = "github.com/gorilla/context"
  packages = ["."]
  pruneopts = "UT"
  revision = "08b5f424b9271eedf6f9f0ce86cb9396ed337a42"
  version = "v1.1.1"

[[projects]]
  digest = "1:8b50a0d9f77f0cf5c4e8a4c76fa24dbfd1baf5eed53d5e791026d981c3053de9"
  name = "github.com/gorilla/handlers"
  packages = ["."]
  pruneopts = "UT"
  revision = "ee54c7b44cab12289237fb8631314790076e728b"
  version = "v1.1"

[[projects]]
  digest = "1:af7adad5ef24d9241808e46347b7e97c38a387afca772069e2ad1d9fbb660fc6"
  name = "github.com/gorilla/mux"
  packages = ["."]
  pruneopts = "UT"
  revision = "0eeaf8392f5b04950925b8a69fe70f110fa7cbfc"
  version = "v1.1"

[[projects]]
  digest = "1:18d7ca9d0ea92fbf087e15cfd90b2c3fb391e9a46181fd421f99c48c8885bab7"
  name = "github.com/grpc-ecosystem/go-grpc-prometheus"
  packages = ["."]
  pruneopts = "UT"
  revision = "6b7015e65d366bf3f19b2b2a000a831940f0f7e0"
  version = "v1.1"

[[projects]]
  digest = "1:ec9807b8ff0683099b7d8b37005c1d6932387c9e2d003cdc4c427de7e2d884ee"
  name = "github.com/grpc-ecosystem/grpc-gateway"
  packages = [
    "runtime",
    "runtime/internal",
    "utilities",
  ]
  pruneopts = "UT"
  revision = "18d159699f2e83fc5bb9ef2f79465ca3f3122676"
  version = "v1.2.0"

[[projects]]
  digest = "1:b5090146529377f77830ae60f254e37bbf9bb89aac519829405c1ac010d1ec97"
  name = "github.com/hashicorp/hcl"
  packages = [
    ".",
    "hcl/ast",
    "hcl/parser",
    "hcl/scanner",
    "hcl/strconv",
    "hcl/token",
    "json/parser",
    "json/scanner",
    "json/token",
  ]
  pruneopts = "UT"
  revision = "392dba7d905ed5d04a5794ba89f558b27e2ba1ca"

[[projects]]
  digest = "1:75ab90ae3f5d876167e60f493beadfe66f0ed861a710f283fb06c86437a09538"
  name = "github.com/jonboulle/clockwork"
  packages = ["."]
  pruneopts = "UT"
  revision = "2eee05ed794112d45db504eb05aa693efd2b8b09"
  version = "v0.1.0"

[[projects]]
  digest = "1:075fe2b22b9fcec90cecd98546c2096d73a3ab9458261f5647512fba3e0420eb"
  name = "github.com/kr/pty"
  packages = ["."]
  pruneopts = "UT"
  revision = "2c10821df3c3cf905230d078702dfbe9404c9b23"
  version = "v1.0.0"

[[projects]]
  digest = "1:38c6c0068711ac95a80ba4d5d8cf86b5b066cc6d74ddd1e007d4d3eb45751894"
  name = "github.com/magiconair/properties"
  packages = ["."]
  pruneopts = "UT"
  revision = "be5ece7dd465ab0765a9682137865547526d1dfb"
  version = "v1.7.3"

[[projects]]
  digest = "1:ff5ebae34cfbf047d505ee150de27e60570e8c394b3b8fdbb720ff6ac71985fc"
  name = "github.com/matttproud/golang_protobuf_extensions"
  packages = ["pbutil"]
  pruneopts = "UT"
  revision = "c12348ce28de40eed0136aa2b644d0ee0650e56c"
  version = "v1.0.1"

[[projects]]
  digest = "1:3d64942cc75c655215a64496e35a2ca1a30ee0007cd24f41b57631486f3d083c"
  name = "github.com/mitchellh/mapstructure"
  packages = ["."]
  pruneopts = "UT"
  revision = "d0303fe809921458f417bcf828397a65db30a7e4"

[[projects]]
  digest = "1:b2ee62e09bec113cf086d2ce0769efcc7bf79481aba8373fd8f7884e94df3462"
  name = "github.com/pelletier/go-buffruneio"
  packages = ["."]
  pruneopts = "UT"
  revision = "c37440a7cf42ac63b919c752ca73a85067e05992"
  version = "v0.2.0"

[[projects]]
  digest = "1:e27da28550455cdbd8af6c6a58f91f39b8d44c6cda0f1a4b33348887c0db74fd"
  name = "github.com/pelletier/go-toml"
  packages = ["."]
  pruneopts = "UT"
  revision = "5ccdfb18c776b740aecaf085c4d9a2779199c279"
  version = "v1.0.0"

[[projects]]
  branch = "master"
  digest = "1:3bf17a6e6eaa6ad24152148a631d18662f7212e21637c2699bff3369b7f00fa2"
  name = "github.com/petar/GoLLRB"
  packages = ["llrb"]
  pruneopts = "UT"
  revision = "53be0d36a84c2a886ca057d34b6aa4468df9ccb4"

[[projects]]
  digest = "1:b6221ec0f8903b556e127c449e7106b63e6867170c2d10a7c058623d086f2081"
  name = "github.com/prometheus/client_golang"
  packages = ["prometheus"]
  pruneopts = "UT"
  revision = "c5b7fccd204277076155f10851dad72b76a49317"
  version = "v0.8.0"

[[projects]]
  digest = "1:32d10bdfa8f09ecf13598324dba86ab891f11db3c538b6a34d1c3b5b99d7c36b"
  name = "github.com/prometheus/client_model"
  packages = ["go"]
  pruneopts = "UT"
  revision = "6f3806018612930941127f2a7c6c453ba2c527d2"

[[projects]]
  digest = "1:0d5f8e2195ad2beef202367f3217c4a7981582d96ccf4876b9aa2c5c9c9b3510"
  name = "github.com/prometheus/common"
  packages = [
    "expfmt",
    "internal/bitbucket.org/ww/goautoneg",
    "model",
  ]
  pruneopts = "UT"
  revision = "49fee292b27bfff7f354ee0f64e1bc4850462edf"

[[projects]]
  digest = "1:73bb422d231d18bcdbb7d0f11da82f032af798f9197107f7cf64cdde1ce8eec4"
  name = "github.com/prometheus/procfs"
  packages = [
    ".",
    "xfs",
  ]
  pruneopts = "UT"
  revision = "a1dba9ce8baed984a2495b658c82687f8157b98f"

[[projects]]
  branch = "master"
  digest = "1:cbc7844833d6ad8917a689ad40f36f4c6e1ca2f5f09c1a59f1488ad1795d3241"
  name = "github.com/rsc/devweb"
  packages = ["slave"]
  pruneopts = "UT"
  revision = "29cc9e1b05561da928b582c78d1283ffeaa31f93"

[[projects]]
  digest = "1:612c049404353b151a3d9fd779b72a0905df1f799056c29202ad84d4fcb1b748"
  name = "github.com/spf13/afero"
  packages = [
    ".",
    "mem",
  ]
  pruneopts = "UT"
  revision = "9be650865eab0c12963d8753212f4f9c66cdcf12"

[[projects]]
  digest = "1:9b28ee2984c69d78afe2ce52b1650ba91a6381f355ff08c1d0e53d9e66bd62fe"
  name = "github.com/spf13/cast"
  packages = ["."]
  pruneopts = "UT"
  revision = "acbeb36b902d72a7a4c18e8f3241075e7ab763e4"
  version = "v1.1.0"

[[projects]]
  digest = "1:607ae0f96290fce9070c56c791ac0ad0ac73229aba148aced7bf08d9e273fff5"
  name = "github.com/spf13/jwalterweatherman"
  packages = ["."]
  pruneopts = "UT"
  revision = "0efa5202c04663c757d84f90f5219c1250baf94f"

[[projects]]
  digest = "1:6a4ffec4348214700d6a92ddc15afa6ff70c612e700f8e0d586305c0f449dc53"
  name = "github.com/spf13/pflag"
  packages = ["."]
  pruneopts = "UT"
  revision = "103ce5cd2042f2fe629c1957abb64ab3e7f50235"

[[projects]]
  digest = "1:46d7c8b4e894a52c758de95a458a0d832b82e7f6c741e952d91d22d5a998a878"
  name = "github.com/spf13/viper"
  packages = ["."]
  pruneopts = "UT"
  revision = "7fb2782df3d83e0036cc89f461ed0422628776f4"

[[projects]]
  digest = "1:a02bd33c56ab567d53246eeb40c76810c339af9fff7e43b5dd266f7d58d7ca4a"
  name = "github.com/ugorji/go"
  packages = ["codec"]
  pruneopts = "UT"
  revision = "ded73eae5db7e7a0ef6f55aace87a2873c5d2b74"

[[projects]]
  digest = "1:6dff6d02950c110d7d61da0c200eaff9da9f312101291b2d8c07235954eaa19d"
  name = "github.com/xiang90/probing"
  packages = ["."]
  pruneopts = "UT"
  revision = "07dd2e8dfe18522e9c447ba95f2fe95262f63bb2"
  version = "0.0.1"

[[projects]]
  digest = "1:81f1dd32641ade86d4a974606a06ae195e34339197727a75c8cb4129ae241d75"
  name = "golang.org/x/crypto"
  packages = [
    "bcrypt",
    "blowfish",
  ]
  pruneopts = "UT"
  revision = "1351f936d976c60a0a48d728281922cf63eafb8d"

[[projects]]
  digest = "1:0820494e132332fd73dd0c78557fac4f0b05e2362397fb46f54fc66dccc576b4"
  name = "golang.org/x/net"
  packages = [
    "context",
    "http2",
    "http2/hpack",
    "idna",
    "internal/timeseries",
    "lex/httplex",
    "trace",
  ]
  pruneopts = "UT"
  revision = "c8c74377599bd978aee1cf3b9b63a8634051cec2"

[[projects]]
  digest = "1:4ad35bc5fee720eac4de5aa08b740ee3a158c35e0b786bf3f631162a8b331512"
  name = "golang.org/x/sys"
  packages = ["unix"]
  pruneopts = "UT"
  revision = "e48874b42435b4347fc52bdee0424a52abc974d7"

[[projects]]
  digest = "1:ca9ebfc1200ca7423d9778dba9cdd463704753541c99dc4896f15e0b8b2bf1e8"
  name = "golang.org/x/text"
  packages = [
    "internal/gen",
    "internal/triegen",
    "internal/ucd",
    "secure/bidirule",
    "transform",
    "unicode/bidi",
    "unicode/cldr",
    "unicode/norm",
    "unicode/rangetable",
  ]
  pruneopts = "UT"
  revision = "19e51611da83d6be54ddafce4a4af510cb3e9ea4"

[[projects]]
  digest = "1:2b235a29dd809925b0149f8625d9b9f8dcb92fdb6f1f661ac6188e419098cd96"
  name = "google.golang.org/grpc"
  packages = [
    ".",
    "codes",
    "credentials",
    "grpclog",
    "internal",
    "keepalive",
    "metadata",
    "naming",
    "peer",
    "stats",
    "tap",
    "transport",
  ]
  pruneopts = "UT"
  revision = "8050b9cbc271307e5a716a9d782803d09b0d6f2d"
  version = "v1.2.1"

[[projects]]
  digest = "1:35c04c23c8aef680782e117c67e29750453c92d11448da616d2e399887e5fc86"
  name = "gopkg.in/yaml.v2"
  packages = ["."]
  pruneopts = "UT"
  revision = "cd8b52f8269e0feb286dfeef29f8fe4d5b397e0b"

[solve-meta]
  analyzer-name = "dep"
  analyzer-version = 1
  input-imports = [
    "github.com/coreos/etcd/client",
    "github.com/coreos/etcd/embed",
    "github.com/coreos/etcd/etcdserver/api/v3client",
    "github.com/coreos/etcd/pkg/expect",
    "github.com/coreos/etcd/pkg/fileutil",
    "github.com/coreos/go-systemd/activation",
    "github.com/gorilla/handlers",
    "github.com/gorilla/mux",
    "github.com/prometheus/client_golang/prometheus",
    "github.com/rsc/devweb/slave",
    "github.com/spf13/pflag",
    "github.com/spf13/viper",
  ]
  solver-name = "gps-cdcl"
  solver-version = 1
